// !$*UTF8*$!
{
	archiveVersion = 1;
	classes = {
	};
	objectVersion = 56;
	objects = {

/* Begin PBXBuildFile section */
		FC2ECBD22B8B14F000DBE877 /* iPokedexApp.swift in Sources */ = {isa = PBXBuildFile; fileRef = FC2ECBD12B8B14F000DBE877 /* iPokedexApp.swift */; };
		FC2ECBD42B8B14F000DBE877 /* ContentView.swift in Sources */ = {isa = PBXBuildFile; fileRef = FC2ECBD32B8B14F000DBE877 /* ContentView.swift */; };
		FC2ECBD62B8B14F100DBE877 /* Assets.xcassets in Resources */ = {isa = PBXBuildFile; fileRef = FC2ECBD52B8B14F100DBE877 /* Assets.xcassets */; };
		FC2ECBDA2B8B14F100DBE877 /* Preview Assets.xcassets in Resources */ = {isa = PBXBuildFile; fileRef = FC2ECBD92B8B14F100DBE877 /* Preview Assets.xcassets */; };
		FC2ECBE12B8B187700DBE877 /* PokemonServerApi.swift in Sources */ = {isa = PBXBuildFile; fileRef = FC2ECBE02B8B187700DBE877 /* PokemonServerApi.swift */; };
		FC2ECBE42B8B1F5100DBE877 /* Alamofire in Frameworks */ = {isa = PBXBuildFile; productRef = FC2ECBE32B8B1F5100DBE877 /* Alamofire */; };
		FCC383DA2B955BE400714749 /* PokemonResponse.swift in Sources */ = {isa = PBXBuildFile; fileRef = FCC383D92B955BE400714749 /* PokemonResponse.swift */; };
		FCC383DD2B955C7100714749 /* Pokemon.swift in Sources */ = {isa = PBXBuildFile; fileRef = FCC383DC2B955C7100714749 /* Pokemon.swift */; };
/* End PBXBuildFile section */

/* Begin PBXFileReference section */
		FC2ECBCE2B8B14F000DBE877 /* iPokedex.app */ = {isa = PBXFileReference; explicitFileType = wrapper.application; includeInIndex = 0; path = iPokedex.app; sourceTree = BUILT_PRODUCTS_DIR; };
		FC2ECBD12B8B14F000DBE877 /* iPokedexApp.swift */ = {isa = PBXFileReference; lastKnownFileType = sourcecode.swift; path = iPokedexApp.swift; sourceTree = "<group>"; };
		FC2ECBD32B8B14F000DBE877 /* ContentView.swift */ = {isa = PBXFileReference; lastKnownFileType = sourcecode.swift; path = ContentView.swift; sourceTree = "<group>"; };
		FC2ECBD52B8B14F100DBE877 /* Assets.xcassets */ = {isa = PBXFileReference; lastKnownFileType = folder.assetcatalog; path = Assets.xcassets; sourceTree = "<group>"; };
		FC2ECBD72B8B14F100DBE877 /* iPokedex.entitlements */ = {isa = PBXFileReference; lastKnownFileType = text.plist.entitlements; path = iPokedex.entitlements; sourceTree = "<group>"; };
		FC2ECBD92B8B14F100DBE877 /* Preview Assets.xcassets */ = {isa = PBXFileReference; lastKnownFileType = folder.assetcatalog; path = "Preview Assets.xcassets"; sourceTree = "<group>"; };
		FC2ECBE02B8B187700DBE877 /* PokemonServerApi.swift */ = {isa = PBXFileReference; lastKnownFileType = sourcecode.swift; path = PokemonServerApi.swift; sourceTree = "<group>"; };
		FCC383D92B955BE400714749 /* PokemonResponse.swift */ = {isa = PBXFileReference; lastKnownFileType = sourcecode.swift; path = PokemonResponse.swift; sourceTree = "<group>"; };
		FCC383DC2B955C7100714749 /* Pokemon.swift */ = {isa = PBXFileReference; lastKnownFileType = sourcecode.swift; path = Pokemon.swift; sourceTree = "<group>"; };
/* End PBXFileReference section */

/* Begin PBXFrameworksBuildPhase section */
		FC2ECBCB2B8B14F000DBE877 /* Frameworks */ = {
			isa = PBXFrameworksBuildPhase;
			buildActionMask = 2147483647;
			files = (
				FC2ECBE42B8B1F5100DBE877 /* Alamofire in Frameworks */,
			);
			runOnlyForDeploymentPostprocessing = 0;
		};
/* End PBXFrameworksBuildPhase section */

/* Begin PBXGroup section */
		FC2ECBC52B8B14F000DBE877 = {
			isa = PBXGroup;
			children = (
				FC2ECBD02B8B14F000DBE877 /* iPokedex */,
				FC2ECBCF2B8B14F000DBE877 /* Products */,
			);
			sourceTree = "<group>";
		};
		FC2ECBCF2B8B14F000DBE877 /* Products */ = {
			isa = PBXGroup;
			children = (
				FC2ECBCE2B8B14F000DBE877 /* iPokedex.app */,
			);
			name = Products;
			sourceTree = "<group>";
		};
		FC2ECBD02B8B14F000DBE877 /* iPokedex */ = {
			isa = PBXGroup;
			children = (
				FC2ECBD12B8B14F000DBE877 /* iPokedexApp.swift */,
				FC2ECBD32B8B14F000DBE877 /* ContentView.swift */,
				FCC383DB2B955C6300714749 /* Model */,
				FCC383DE2B955C9E00714749 /* Api */,
				FC2ECBD52B8B14F100DBE877 /* Assets.xcassets */,
				FC2ECBD72B8B14F100DBE877 /* iPokedex.entitlements */,
				FC2ECBD82B8B14F100DBE877 /* Preview Content */,
			);
			path = iPokedex;
			sourceTree = "<group>";
		};
		FC2ECBD82B8B14F100DBE877 /* Preview Content */ = {
			isa = PBXGroup;
			children = (
				FC2ECBD92B8B14F100DBE877 /* Preview Assets.xcassets */,
			);
			path = "Preview Content";
			sourceTree = "<group>";
		};
		FCC383DB2B955C6300714749 /* Model */ = {
			isa = PBXGroup;
			children = (
				FCC383DC2B955C7100714749 /* Pokemon.swift */,
			);
			path = Model;
			sourceTree = "<group>";
		};
		FCC383DE2B955C9E00714749 /* Api */ = {
			isa = PBXGroup;
			children = (
				FC2ECBE02B8B187700DBE877 /* PokemonServerApi.swift */,
				FCC383D92B955BE400714749 /* PokemonResponse.swift */,
			);
			path = Api;
			sourceTree = "<group>";
		};
/* End PBXGroup section */

/* Begin PBXNativeTarget section */
		FC2ECBCD2B8B14F000DBE877 /* iPokedex */ = {
			isa = PBXNativeTarget;
			buildConfigurationList = FC2ECBDD2B8B14F100DBE877 /* Build configuration list for PBXNativeTarget "iPokedex" */;
			buildPhases = (
				FC2ECBCA2B8B14F000DBE877 /* Sources */,
				FC2ECBCB2B8B14F000DBE877 /* Frameworks */,
				FC2ECBCC2B8B14F000DBE877 /* Resources */,
			);
			buildRules = (
			);
			dependencies = (
			);
			name = iPokedex;
			packageProductDependencies = (
				FC2ECBE32B8B1F5100DBE877 /* Alamofire */,
			);
			productName = iPokedex;
			productReference = FC2ECBCE2B8B14F000DBE877 /* iPokedex.app */;
			productType = "com.apple.product-type.application";
		};
/* End PBXNativeTarget section */

/* Begin PBXProject section */
		FC2ECBC62B8B14F000DBE877 /* Project object */ = {
			isa = PBXProject;
			attributes = {
				BuildIndependentTargetsInParallel = 1;
				LastSwiftUpdateCheck = 1520;
				LastUpgradeCheck = 1520;
				TargetAttributes = {
					FC2ECBCD2B8B14F000DBE877 = {
						CreatedOnToolsVersion = 15.2;
					};
				};
			};
			buildConfigurationList = FC2ECBC92B8B14F000DBE877 /* Build configuration list for PBXProject "iPokedex" */;
			compatibilityVersion = "Xcode 14.0";
			developmentRegion = en;
			hasScannedForEncodings = 0;
			knownRegions = (
				en,
				Base,
			);
			mainGroup = FC2ECBC52B8B14F000DBE877;
			packageReferences = (
				FC2ECBE22B8B1F5100DBE877 /* XCRemoteSwiftPackageReference "Alamofire" */,
			);
			productRefGroup = FC2ECBCF2B8B14F000DBE877 /* Products */;
			projectDirPath = "";
			projectRoot = "";
			targets = (
				FC2ECBCD2B8B14F000DBE877 /* iPokedex */,
			);
		};
/* End PBXProject section */

/* Begin PBXResourcesBuildPhase section */
		FC2ECBCC2B8B14F000DBE877 /* Resources */ = {
			isa = PBXResourcesBuildPhase;
			buildActionMask = 2147483647;
			files = (
				FC2ECBDA2B8B14F100DBE877 /* Preview Assets.xcassets in Resources */,
				FC2ECBD62B8B14F100DBE877 /* Assets.xcassets in Resources */,
			);
			runOnlyForDeploymentPostprocessing = 0;
		};
/* End PBXResourcesBuildPhase section */

/* Begin PBXSourcesBuildPhase section */
		FC2ECBCA2B8B14F000DBE877 /* Sources */ = {
			isa = PBXSourcesBuildPhase;
			buildActionMask = 2147483647;
			files = (
				FCC383DD2B955C7100714749 /* Pokemon.swift in Sources */,
				FCC383DA2B955BE400714749 /* PokemonResponse.swift in Sources */,
				FC2ECBD42B8B14F000DBE877 /* ContentView.swift in Sources */,
				FC2ECBD22B8B14F000DBE877 /* iPokedexApp.swift in Sources */,
				FC2ECBE12B8B187700DBE877 /* PokemonServerApi.swift in Sources */,
			);
			runOnlyForDeploymentPostprocessing = 0;
		};
/* End PBXSourcesBuildPhase section */

/* Begin XCBuildConfiguration section */
		FC2ECBDB2B8B14F100DBE877 /* Debug */ = {
			isa = XCBuildConfiguration;
			buildSettings = {
				ALWAYS_SEARCH_USER_PATHS = NO;
				ASSETCATALOG_COMPILER_GENERATE_SWIFT_ASSET_SYMBOL_EXTENSIONS = YES;
				CLANG_ANALYZER_NONNULL = YES;
				CLANG_ANALYZER_NUMBER_OBJECT_CONVERSION = YES_AGGRESSIVE;
				CLANG_CXX_LANGUAGE_STANDARD = "gnu++20";
				CLANG_ENABLE_MODULES = YES;
				CLANG_ENABLE_OBJC_ARC = YES;
				CLANG_ENABLE_OBJC_WEAK = YES;
				CLANG_WARN_BLOCK_CAPTURE_AUTORELEASING = YES;
				CLANG_WARN_BOOL_CONVERSION = YES;
				CLANG_WARN_COMMA = YES;
				CLANG_WARN_CONSTANT_CONVERSION = YES;
				CLANG_WARN_DEPRECATED_OBJC_IMPLEMENTATIONS = YES;
				CLANG_WARN_DIRECT_OBJC_ISA_USAGE = YES_ERROR;
				CLANG_WARN_DOCUMENTATION_COMMENTS = YES;
				CLANG_WARN_EMPTY_BODY = YES;
				CLANG_WARN_ENUM_CONVERSION = YES;
				CLANG_WARN_INFINITE_RECURSION = YES;
				CLANG_WARN_INT_CONVERSION = YES;
				CLANG_WARN_NON_LITERAL_NULL_CONVERSION = YES;
				CLANG_WARN_OBJC_IMPLICIT_RETAIN_SELF = YES;
				CLANG_WARN_OBJC_LITERAL_CONVERSION = YES;
				CLANG_WARN_OBJC_ROOT_CLASS = YES_ERROR;
				CLANG_WARN_QUOTED_INCLUDE_IN_FRAMEWORK_HEADER = YES;
				CLANG_WARN_RANGE_LOOP_ANALYSIS = YES;
				CLANG_WARN_STRICT_PROTOTYPES = YES;
				CLANG_WARN_SUSPICIOUS_MOVE = YES;
				CLANG_WARN_UNGUARDED_AVAILABILITY = YES_AGGRESSIVE;
				CLANG_WARN_UNREACHABLE_CODE = YES;
				CLANG_WARN__DUPLICATE_METHOD_MATCH = YES;
				COPY_PHASE_STRIP = NO;
				DEBUG_INFORMATION_FORMAT = dwarf;
				ENABLE_STRICT_OBJC_MSGSEND = YES;
				ENABLE_TESTABILITY = YES;
				ENABLE_USER_SCRIPT_SANDBOXING = YES;
				GCC_C_LANGUAGE_STANDARD = gnu17;
				GCC_DYNAMIC_NO_PIC = NO;
				GCC_NO_COMMON_BLOCKS = YES;
				GCC_OPTIMIZATION_LEVEL = 0;
				GCC_PREPROCESSOR_DEFINITIONS = (
					"DEBUG=1",
					"$(inherited)",
				);
				GCC_WARN_64_TO_32_BIT_CONVERSION = YES;
				GCC_WARN_ABOUT_RETURN_TYPE = YES_ERROR;
				GCC_WARN_UNDECLARED_SELECTOR = YES;
				GCC_WARN_UNINITIALIZED_AUTOS = YES_AGGRESSIVE;
				GCC_WARN_UNUSED_FUNCTION = YES;
				GCC_WARN_UNUSED_VARIABLE = YES;
				LOCALIZATION_PREFERS_STRING_CATALOGS = YES;
				MTL_ENABLE_DEBUG_INFO = INCLUDE_SOURCE;
				MTL_FAST_MATH = YES;
				ONLY_ACTIVE_ARCH = YES;
				SWIFT_ACTIVE_COMPILATION_CONDITIONS = "DEBUG $(inherited)";
				SWIFT_OPTIMIZATION_LEVEL = "-Onone";
			};
			name = Debug;
		};
		FC2ECBDC2B8B14F100DBE877 /* Release */ = {
			isa = XCBuildConfiguration;
			buildSettings = {
				ALWAYS_SEARCH_USER_PATHS = NO;
				ASSETCATALOG_COMPILER_GENERATE_SWIFT_ASSET_SYMBOL_EXTENSIONS = YES;
				CLANG_ANALYZER_NONNULL = YES;
				CLANG_ANALYZER_NUMBER_OBJECT_CONVERSION = YES_AGGRESSIVE;
				CLANG_CXX_LANGUAGE_STANDARD = "gnu++20";
				CLANG_ENABLE_MODULES = YES;
				CLANG_ENABLE_OBJC_ARC = YES;
				CLANG_ENABLE_OBJC_WEAK = YES;
				CLANG_WARN_BLOCK_CAPTURE_AUTORELEASING = YES;
				CLANG_WARN_BOOL_CONVERSION = YES;
				CLANG_WARN_COMMA = YES;
				CLANG_WARN_CONSTANT_CONVERSION = YES;
				CLANG_WARN_DEPRECATED_OBJC_IMPLEMENTATIONS = YES;
				CLANG_WARN_DIRECT_OBJC_ISA_USAGE = YES_ERROR;
				CLANG_WARN_DOCUMENTATION_COMMENTS = YES;
				CLANG_WARN_EMPTY_BODY = YES;
				CLANG_WARN_ENUM_CONVERSION = YES;
				CLANG_WARN_INFINITE_RECURSION = YES;
				CLANG_WARN_INT_CONVERSION = YES;
				CLANG_WARN_NON_LITERAL_NULL_CONVERSION = YES;
				CLANG_WARN_OBJC_IMPLICIT_RETAIN_SELF = YES;
				CLANG_WARN_OBJC_LITERAL_CONVERSION = YES;
				CLANG_WARN_OBJC_ROOT_CLASS = YES_ERROR;
				CLANG_WARN_QUOTED_INCLUDE_IN_FRAMEWORK_HEADER = YES;
				CLANG_WARN_RANGE_LOOP_ANALYSIS = YES;
				CLANG_WARN_STRICT_PROTOTYPES = YES;
				CLANG_WARN_SUSPICIOUS_MOVE = YES;
				CLANG_WARN_UNGUARDED_AVAILABILITY = YES_AGGRESSIVE;
				CLANG_WARN_UNREACHABLE_CODE = YES;
				CLANG_WARN__DUPLICATE_METHOD_MATCH = YES;
				COPY_PHASE_STRIP = NO;
				DEBUG_INFORMATION_FORMAT = "dwarf-with-dsym";
				ENABLE_NS_ASSERTIONS = NO;
				ENABLE_STRICT_OBJC_MSGSEND = YES;
				ENABLE_USER_SCRIPT_SANDBOXING = YES;
				GCC_C_LANGUAGE_STANDARD = gnu17;
				GCC_NO_COMMON_BLOCKS = YES;
				GCC_WARN_64_TO_32_BIT_CONVERSION = YES;
				GCC_WARN_ABOUT_RETURN_TYPE = YES_ERROR;
				GCC_WARN_UNDECLARED_SELECTOR = YES;
				GCC_WARN_UNINITIALIZED_AUTOS = YES_AGGRESSIVE;
				GCC_WARN_UNUSED_FUNCTION = YES;
				GCC_WARN_UNUSED_VARIABLE = YES;
				LOCALIZATION_PREFERS_STRING_CATALOGS = YES;
				MTL_ENABLE_DEBUG_INFO = NO;
				MTL_FAST_MATH = YES;
				SWIFT_COMPILATION_MODE = wholemodule;
			};
			name = Release;
		};
		FC2ECBDE2B8B14F100DBE877 /* Debug */ = {
			isa = XCBuildConfiguration;
			buildSettings = {
				ASSETCATALOG_COMPILER_APPICON_NAME = AppIcon;
				ASSETCATALOG_COMPILER_GLOBAL_ACCENT_COLOR_NAME = AccentColor;
				CODE_SIGN_ENTITLEMENTS = iPokedex/iPokedex.entitlements;
				CODE_SIGN_STYLE = Automatic;
				CURRENT_PROJECT_VERSION = 1;
				DEVELOPMENT_ASSET_PATHS = "\"iPokedex/Preview Content\"";
				DEVELOPMENT_TEAM = X936JFD293;
				ENABLE_HARDENED_RUNTIME = YES;
				ENABLE_PREVIEWS = YES;
				GENERATE_INFOPLIST_FILE = YES;
				"INFOPLIST_KEY_UIApplicationSceneManifest_Generation[sdk=iphoneos*]" = YES;
				"INFOPLIST_KEY_UIApplicationSceneManifest_Generation[sdk=iphonesimulator*]" = YES;
				"INFOPLIST_KEY_UIApplicationSupportsIndirectInputEvents[sdk=iphoneos*]" = YES;
				"INFOPLIST_KEY_UIApplicationSupportsIndirectInputEvents[sdk=iphonesimulator*]" = YES;
				"INFOPLIST_KEY_UILaunchScreen_Generation[sdk=iphoneos*]" = YES;
				"INFOPLIST_KEY_UILaunchScreen_Generation[sdk=iphonesimulator*]" = YES;
				"INFOPLIST_KEY_UIStatusBarStyle[sdk=iphoneos*]" = UIStatusBarStyleDefault;
				"INFOPLIST_KEY_UIStatusBarStyle[sdk=iphonesimulator*]" = UIStatusBarStyleDefault;
				INFOPLIST_KEY_UISupportedInterfaceOrientations_iPad = "UIInterfaceOrientationPortrait UIInterfaceOrientationPortraitUpsideDown UIInterfaceOrientationLandscapeLeft UIInterfaceOrientationLandscapeRight";
				INFOPLIST_KEY_UISupportedInterfaceOrientations_iPhone = "UIInterfaceOrientationPortrait UIInterfaceOrientationLandscapeLeft UIInterfaceOrientationLandscapeRight";
				IPHONEOS_DEPLOYMENT_TARGET = 17.2;
				LD_RUNPATH_SEARCH_PATHS = "@executable_path/Frameworks";
				"LD_RUNPATH_SEARCH_PATHS[sdk=macosx*]" = "@executable_path/../Frameworks";
				MACOSX_DEPLOYMENT_TARGET = 14.2;
				MARKETING_VERSION = 1.0;
				PRODUCT_BUNDLE_IDENTIFIER = com.Michael.iPokedex;
				PRODUCT_NAME = "$(TARGET_NAME)";
				SDKROOT = auto;
				SUPPORTED_PLATFORMS = "iphoneos iphonesimulator macosx";
				SWIFT_EMIT_LOC_STRINGS = YES;
				SWIFT_VERSION = 5.0;
				TARGETED_DEVICE_FAMILY = "1,2";
			};
			name = Debug;
		};
		FC2ECBDF2B8B14F100DBE877 /* Release */ = {
			isa = XCBuildConfiguration;
			buildSettings = {
				ASSETCATALOG_COMPILER_APPICON_NAME = AppIcon;
				ASSETCATALOG_COMPILER_GLOBAL_ACCENT_COLOR_NAME = AccentColor;
				CODE_SIGN_ENTITLEMENTS = iPokedex/iPokedex.entitlements;
				CODE_SIGN_STYLE = Automatic;
				CURRENT_PROJECT_VERSION = 1;
				DEVELOPMENT_ASSET_PATHS = "\"iPokedex/Preview Content\"";
				DEVELOPMENT_TEAM = X936JFD293;
				ENABLE_HARDENED_RUNTIME = YES;
				ENABLE_PREVIEWS = YES;
				GENERATE_INFOPLIST_FILE = YES;
				"INFOPLIST_KEY_UIApplicationSceneManifest_Generation[sdk=iphoneos*]" = YES;
				"INFOPLIST_KEY_UIApplicationSceneManifest_Generation[sdk=iphonesimulator*]" = YES;
				"INFOPLIST_KEY_UIApplicationSupportsIndirectInputEvents[sdk=iphoneos*]" = YES;
				"INFOPLIST_KEY_UIApplicationSupportsIndirectInputEvents[sdk=iphonesimulator*]" = YES;
				"INFOPLIST_KEY_UILaunchScreen_Generation[sdk=iphoneos*]" = YES;
				"INFOPLIST_KEY_UILaunchScreen_Generation[sdk=iphonesimulator*]" = YES;
				"INFOPLIST_KEY_UIStatusBarStyle[sdk=iphoneos*]" = UIStatusBarStyleDefault;
				"INFOPLIST_KEY_UIStatusBarStyle[sdk=iphonesimulator*]" = UIStatusBarStyleDefault;
				INFOPLIST_KEY_UISupportedInterfaceOrientations_iPad = "UIInterfaceOrientationPortrait UIInterfaceOrientationPortraitUpsideDown UIInterfaceOrientationLandscapeLeft UIInterfaceOrientationLandscapeRight";
				INFOPLIST_KEY_UISupportedInterfaceOrientations_iPhone = "UIInterfaceOrientationPortrait UIInterfaceOrientationLandscapeLeft UIInterfaceOrientationLandscapeRight";
				IPHONEOS_DEPLOYMENT_TARGET = 17.2;
				LD_RUNPATH_SEARCH_PATHS = "@executable_path/Frameworks";
				"LD_RUNPATH_SEARCH_PATHS[sdk=macosx*]" = "@executable_path/../Frameworks";
				MACOSX_DEPLOYMENT_TARGET = 14.2;
				MARKETING_VERSION = 1.0;
				PRODUCT_BUNDLE_IDENTIFIER = com.Michael.iPokedex;
				PRODUCT_NAME = "$(TARGET_NAME)";
				SDKROOT = auto;
				SUPPORTED_PLATFORMS = "iphoneos iphonesimulator macosx";
				SWIFT_EMIT_LOC_STRINGS = YES;
				SWIFT_VERSION = 5.0;
				TARGETED_DEVICE_FAMILY = "1,2";
			};
			name = Release;
		};
/* End XCBuildConfiguration section */

/* Begin XCConfigurationList section */
		FC2ECBC92B8B14F000DBE877 /* Build configuration list for PBXProject "iPokedex" */ = {
			isa = XCConfigurationList;
			buildConfigurations = (
				FC2ECBDB2B8B14F100DBE877 /* Debug */,
				FC2ECBDC2B8B14F100DBE877 /* Release */,
			);
			defaultConfigurationIsVisible = 0;
			defaultConfigurationName = Release;
		};
		FC2ECBDD2B8B14F100DBE877 /* Build configuration list for PBXNativeTarget "iPokedex" */ = {
			isa = XCConfigurationList;
			buildConfigurations = (
				FC2ECBDE2B8B14F100DBE877 /* Debug */,
				FC2ECBDF2B8B14F100DBE877 /* Release */,
			);
			defaultConfigurationIsVisible = 0;
			defaultConfigurationName = Release;
		};
/* End XCConfigurationList section */

/* Begin XCRemoteSwiftPackageReference section */
		FC2ECBE22B8B1F5100DBE877 /* XCRemoteSwiftPackageReference "Alamofire" */ = {
			isa = XCRemoteSwiftPackageReference;
			repositoryURL = "https://github.com/Alamofire/Alamofire.git";
			requirement = {
				kind = upToNextMajorVersion;
				minimumVersion = 5.8.1;
			};
		};
/* End XCRemoteSwiftPackageReference section */

/* Begin XCSwiftPackageProductDependency section */
		FC2ECBE32B8B1F5100DBE877 /* Alamofire */ = {
			isa = XCSwiftPackageProductDependency;
			package = FC2ECBE22B8B1F5100DBE877 /* XCRemoteSwiftPackageReference "Alamofire" */;
			productName = Alamofire;
		};
/* End XCSwiftPackageProductDependency section */
	};
	rootObject = FC2ECBC62B8B14F000DBE877 /* Project object */;
}
